PODS:
  - Alamofire (4.8.2)
  - CryptoSwift (1.0.0)
  - DNSPageView (1.1.6)
  - ESTabBarController-swift (2.7)
  - Eureka (5.0.0)
  - Fusuma (1.3.3)
  - Hero (1.4.0)
  - IQKeyboardManagerSwift (6.3.0)
  - Kingfisher (5.5.0)
  - MJRefresh (3.2.0)
  - RxCocoa (5.0.0):
    - RxRelay (~> 5)
    - RxSwift (~> 5)
  - RxRelay (5.0.0):
    - RxSwift (~> 5)
  - RxSwift (5.0.0)
  - Siren (5.1.0)
  - SnapKit (5.0.0)
  - SQLite.swift (0.12.0):
    - SQLite.swift/standard (= 0.12.0)
  - SQLite.swift/standard (0.12.0)
  - SwiftyJSON (5.0.0)
  - SwiftyUserDefaults (4.0.0)

DEPENDENCIES:
  - Alamofire
  - CryptoSwift
  - DNSPageView
  - ESTabBarController-swift
  - Eureka
  - Fusuma
  - Hero
  - IQKeyboardManagerSwift
  - Kingfisher
  - MJRefresh
  - RxCocoa
  - RxSwift
  - Siren
  - SnapKit
  - SQLite.swift
  - SwiftyJSON
  - SwiftyUserDefaults

SPEC REPOS:
  https://github.com/cocoapods/specs.git:
    - Alamofire
    - CryptoSwift
    - DNSPageView
    - ESTabBarController-swift
    - Eureka
    - Fusuma
    - Hero
    - IQKeyboardManagerSwift
    - Kingfisher
    - MJRefresh
    - RxCocoa
    - RxRelay
    - RxSwift
    - Siren
    - SnapKit
    - SQLite.swift
    - SwiftyJSON
    - SwiftyUserDefaults

SPEC CHECKSUMS:
  Alamofire: ae5c501addb7afdbb13687d7f2f722c78734c2d3
  CryptoSwift: d81eeaa59dc5a8d03720fe919a6fd07b51f7439f
  DNSPageView: df84b178394ddf4a73b2d19baf4deb24b4a4ba33
  ESTabBarController-swift: 4fb52ad03d94d0717ef97bc9eb09a5abfdded0a2
  Eureka: 0f64f477ec8ef6201c6fec143d60ff5c201cf654
  Fusuma: 3bd08c8c5341ec60c0074fa28570fea8765966f0
  Hero: bac92350d7201a1a940003e0767c7b52ce7c99a1
  IQKeyboardManagerSwift: a8228c257614af98743b4cd8584637025f36358f
  Kingfisher: 6fe5e67a90fd335e49b0f5c075ff55ac5ebedd94
  MJRefresh: ed450d6eb9d3346a2cb033ab7eb6de090aeef437
  RxCocoa: fcf32050ac00d801f34a7f71d5e8e7f23026dcd8
  RxRelay: 4f7409406a51a55cd88483f21ed898c234d60f18
  RxSwift: 8b0671caa829a763bbce7271095859121cbd895f
  Siren: 1dbdbd5dccd55865369a83f3d57c8eb818ac1556
  SnapKit: fd22d10eb9aff484d79a8724eab922c1ddf89bcf
  SQLite.swift: 7cad9db150a03716336e69469ec9559c85aece5b
  SwiftyJSON: 36413e04c44ee145039d332b4f4e2d3e8d6c4db7
  SwiftyUserDefaults: 6a1951df1daa19337862b677dd9a4b9bd4c288cd

PODFILE CHECKSUM: dde12cfac3c2aaa9124e647a9ca9dce7723ec3e9

COCOAPODS: 1.6.2
